// !$*UTF8*$!
{
	archiveVersion = 1;
	classes = {
	};
	objectVersion = 48;
	objects = {

/* Begin PBXBuildFile section */
		43C42E4420D28C8B00B0DDD8 /* AppDelegate.swift in Sources */ = {isa = PBXBuildFile; fileRef = 43C42E4320D28C8B00B0DDD8 /* AppDelegate.swift */; };
		43C42E4620D28C8B00B0DDD8 /* ViewController.swift in Sources */ = {isa = PBXBuildFile; fileRef = 43C42E4520D28C8B00B0DDD8 /* ViewController.swift */; };
		43C42E4920D28C8B00B0DDD8 /* Main.storyboard in Resources */ = {isa = PBXBuildFile; fileRef = 43C42E4720D28C8B00B0DDD8 /* Main.storyboard */; };
		43C42E4B20D28C8B00B0DDD8 /* Assets.xcassets in Resources */ = {isa = PBXBuildFile; fileRef = 43C42E4A20D28C8B00B0DDD8 /* Assets.xcassets */; };
		43C42E4E20D28C8B00B0DDD8 /* LaunchScreen.storyboard in Resources */ = {isa = PBXBuildFile; fileRef = 43C42E4C20D28C8B00B0DDD8 /* LaunchScreen.storyboard */; };
		43C42E5620D3C59300B0DDD8 /* CardModel.swift in Sources */ = {isa = PBXBuildFile; fileRef = 43C42E5520D3C59300B0DDD8 /* CardModel.swift */; };
		43C42E5820D3C6F300B0DDD8 /* Card.swift in Sources */ = {isa = PBXBuildFile; fileRef = 43C42E5720D3C6F300B0DDD8 /* Card.swift */; };
		43C42E5A20D3CA9500B0DDD8 /* CardCollectionViewCell.swift in Sources */ = {isa = PBXBuildFile; fileRef = 43C42E5920D3CA9500B0DDD8 /* CardCollectionViewCell.swift */; };
		43E1DC2920DBD41B00DA75E5 /* cardflip.wav in Resources */ = {isa = PBXBuildFile; fileRef = 43E1DC2520DBD41A00DA75E5 /* cardflip.wav */; };
		43E1DC2A20DBD41B00DA75E5 /* shuffle.wav in Resources */ = {isa = PBXBuildFile; fileRef = 43E1DC2620DBD41A00DA75E5 /* shuffle.wav */; };
		43E1DC2B20DBD41B00DA75E5 /* dingcorrect.wav in Resources */ = {isa = PBXBuildFile; fileRef = 43E1DC2720DBD41B00DA75E5 /* dingcorrect.wav */; };
		43E1DC2C20DBD41B00DA75E5 /* dingwrong.wav in Resources */ = {isa = PBXBuildFile; fileRef = 43E1DC2820DBD41B00DA75E5 /* dingwrong.wav */; };
		43E1DC2F20DBD48200DA75E5 /* AVFoundation.framework in Frameworks */ = {isa = PBXBuildFile; fileRef = 43E1DC2E20DBD48200DA75E5 /* AVFoundation.framework */; };
		43E1DC3120DBD4CC00DA75E5 /* SoundManager.swift in Sources */ = {isa = PBXBuildFile; fileRef = 43E1DC3020DBD4CC00DA75E5 /* SoundManager.swift */; };
/* End PBXBuildFile section */

/* Begin PBXFileReference section */
		43C42E4020D28C8B00B0DDD8 /* Matching.app */ = {isa = PBXFileReference; explicitFileType = wrapper.application; includeInIndex = 0; path = Matching.app; sourceTree = BUILT_PRODUCTS_DIR; };
		43C42E4320D28C8B00B0DDD8 /* AppDelegate.swift */ = {isa = PBXFileReference; lastKnownFileType = sourcecode.swift; path = AppDelegate.swift; sourceTree = "<group>"; };
		43C42E4520D28C8B00B0DDD8 /* ViewController.swift */ = {isa = PBXFileReference; lastKnownFileType = sourcecode.swift; path = ViewController.swift; sourceTree = "<group>"; };
		43C42E4820D28C8B00B0DDD8 /* Base */ = {isa = PBXFileReference; lastKnownFileType = file.storyboard; name = Base; path = Base.lproj/Main.storyboard; sourceTree = "<group>"; };
		43C42E4A20D28C8B00B0DDD8 /* Assets.xcassets */ = {isa = PBXFileReference; lastKnownFileType = folder.assetcatalog; path = Assets.xcassets; sourceTree = "<group>"; };
		43C42E4D20D28C8B00B0DDD8 /* Base */ = {isa = PBXFileReference; lastKnownFileType = file.storyboard; name = Base; path = Base.lproj/LaunchScreen.storyboard; sourceTree = "<group>"; };
		43C42E4F20D28C8B00B0DDD8 /* Info.plist */ = {isa = PBXFileReference; lastKnownFileType = text.plist.xml; path = Info.plist; sourceTree = "<group>"; };
		43C42E5520D3C59300B0DDD8 /* CardModel.swift */ = {isa = PBXFileReference; lastKnownFileType = sourcecode.swift; path = CardModel.swift; sourceTree = "<group>"; };
		43C42E5720D3C6F300B0DDD8 /* Card.swift */ = {isa = PBXFileReference; lastKnownFileType = sourcecode.swift; path = Card.swift; sourceTree = "<group>"; };
		43C42E5920D3CA9500B0DDD8 /* CardCollectionViewCell.swift */ = {isa = PBXFileReference; lastKnownFileType = sourcecode.swift; path = CardCollectionViewCell.swift; sourceTree = "<group>"; };
		43E1DC2520DBD41A00DA75E5 /* cardflip.wav */ = {isa = PBXFileReference; lastKnownFileType = audio.wav; path = cardflip.wav; sourceTree = "<group>"; };
		43E1DC2620DBD41A00DA75E5 /* shuffle.wav */ = {isa = PBXFileReference; lastKnownFileType = audio.wav; path = shuffle.wav; sourceTree = "<group>"; };
		43E1DC2720DBD41B00DA75E5 /* dingcorrect.wav */ = {isa = PBXFileReference; lastKnownFileType = audio.wav; path = dingcorrect.wav; sourceTree = "<group>"; };
		43E1DC2820DBD41B00DA75E5 /* dingwrong.wav */ = {isa = PBXFileReference; lastKnownFileType = audio.wav; path = dingwrong.wav; sourceTree = "<group>"; };
		43E1DC2E20DBD48200DA75E5 /* AVFoundation.framework */ = {isa = PBXFileReference; lastKnownFileType = wrapper.framework; name = AVFoundation.framework; path = System/Library/Frameworks/AVFoundation.framework; sourceTree = SDKROOT; };
		43E1DC3020DBD4CC00DA75E5 /* SoundManager.swift */ = {isa = PBXFileReference; lastKnownFileType = sourcecode.swift; path = SoundManager.swift; sourceTree = "<group>"; };
/* End PBXFileReference section */

/* Begin PBXFrameworksBuildPhase section */
		43C42E3D20D28C8B00B0DDD8 /* Frameworks */ = {
			isa = PBXFrameworksBuildPhase;
			buildActionMask = 2147483647;
			files = (
				43E1DC2F20DBD48200DA75E5 /* AVFoundation.framework in Frameworks */,
			);
			runOnlyForDeploymentPostprocessing = 0;
		};
/* End PBXFrameworksBuildPhase section */

/* Begin PBXGroup section */
		43C42E3720D28C8B00B0DDD8 = {
			isa = PBXGroup;
			children = (
				43C42E4220D28C8B00B0DDD8 /* Matching */,
				43C42E4120D28C8B00B0DDD8 /* Products */,
				43E1DC2D20DBD48200DA75E5 /* Frameworks */,
			);
			sourceTree = "<group>";
		};
		43C42E4120D28C8B00B0DDD8 /* Products */ = {
			isa = PBXGroup;
			children = (
				43C42E4020D28C8B00B0DDD8 /* Matching.app */,
			);
			name = Products;
			sourceTree = "<group>";
		};
		43C42E4220D28C8B00B0DDD8 /* Matching */ = {
			isa = PBXGroup;
			children = (
				43E1DC2420DBD3EF00DA75E5 /* Sounds */,
				43C42E4320D28C8B00B0DDD8 /* AppDelegate.swift */,
				43C42E4520D28C8B00B0DDD8 /* ViewController.swift */,
				43C42E5720D3C6F300B0DDD8 /* Card.swift */,
				43C42E5520D3C59300B0DDD8 /* CardModel.swift */,
				43C42E5920D3CA9500B0DDD8 /* CardCollectionViewCell.swift */,
				43E1DC3020DBD4CC00DA75E5 /* SoundManager.swift */,
				43C42E4720D28C8B00B0DDD8 /* Main.storyboard */,
				43C42E4A20D28C8B00B0DDD8 /* Assets.xcassets */,
				43C42E4C20D28C8B00B0DDD8 /* LaunchScreen.storyboard */,
				43C42E4F20D28C8B00B0DDD8 /* Info.plist */,
			);
			path = Matching;
			sourceTree = "<group>";
		};
		43E1DC2420DBD3EF00DA75E5 /* Sounds */ = {
			isa = PBXGroup;
			children = (
				43E1DC2520DBD41A00DA75E5 /* cardflip.wav */,
				43E1DC2720DBD41B00DA75E5 /* dingcorrect.wav */,
				43E1DC2820DBD41B00DA75E5 /* dingwrong.wav */,
				43E1DC2620DBD41A00DA75E5 /* shuffle.wav */,
			);
			path = Sounds;
			sourceTree = "<group>";
		};
		43E1DC2D20DBD48200DA75E5 /* Frameworks */ = {
			isa = PBXGroup;
			children = (
				43E1DC2E20DBD48200DA75E5 /* AVFoundation.framework */,
			);
			name = Frameworks;
			sourceTree = "<group>";
		};
/* End PBXGroup section */

/* Begin PBXNativeTarget section */
		43C42E3F20D28C8B00B0DDD8 /* Matching */ = {
			isa = PBXNativeTarget;
			buildConfigurationList = 43C42E5220D28C8B00B0DDD8 /* Build configuration list for PBXNativeTarget "Matching" */;
			buildPhases = (
				43C42E3C20D28C8B00B0DDD8 /* Sources */,
				43C42E3D20D28C8B00B0DDD8 /* Frameworks */,
				43C42E3E20D28C8B00B0DDD8 /* Resources */,
			);
			buildRules = (
			);
			dependencies = (
			);
			name = Matching;
			productName = Matching;
			productReference = 43C42E4020D28C8B00B0DDD8 /* Matching.app */;
			productType = "com.apple.product-type.application";
		};
/* End PBXNativeTarget section */

/* Begin PBXProject section */
		43C42E3820D28C8B00B0DDD8 /* Project object */ = {
			isa = PBXProject;
			attributes = {
				LastSwiftUpdateCheck = 0920;
				LastUpgradeCheck = 0920;
				ORGANIZATIONNAME = aml;
				TargetAttributes = {
					43C42E3F20D28C8B00B0DDD8 = {
						CreatedOnToolsVersion = 9.2;
						ProvisioningStyle = Automatic;
					};
				};
			};
			buildConfigurationList = 43C42E3B20D28C8B00B0DDD8 /* Build configuration list for PBXProject "Matching" */;
			compatibilityVersion = "Xcode 8.0";
			developmentRegion = en;
			hasScannedForEncodings = 0;
			knownRegions = (
				en,
				Base,
			);
			mainGroup = 43C42E3720D28C8B00B0DDD8;
			productRefGroup = 43C42E4120D28C8B00B0DDD8 /* Products */;
			projectDirPath = "";
			projectRoot = "";
			targets = (
				43C42E3F20D28C8B00B0DDD8 /* Matching */,
			);
		};
/* End PBXProject section */

/* Begin PBXResourcesBuildPhase section */
		43C42E3E20D28C8B00B0DDD8 /* Resources */ = {
			isa = PBXResourcesBuildPhase;
			buildActionMask = 2147483647;
			files = (
				43C42E4E20D28C8B00B0DDD8 /* LaunchScreen.storyboard in Resources */,
				43E1DC2C20DBD41B00DA75E5 /* dingwrong.wav in Resources */,
				43E1DC2920DBD41B00DA75E5 /* cardflip.wav in Resources */,
				43C42E4B20D28C8B00B0DDD8 /* Assets.xcassets in Resources */,
				43C42E4920D28C8B00B0DDD8 /* Main.storyboard in Resources */,
				43E1DC2A20DBD41B00DA75E5 /* shuffle.wav in Resources */,
				43E1DC2B20DBD41B00DA75E5 /* dingcorrect.wav in Resources */,
			);
			runOnlyForDeploymentPostprocessing = 0;
		};
/* End PBXResourcesBuildPhase section */

/* Begin PBXSourcesBuildPhase section */
		43C42E3C20D28C8B00B0DDD8 /* Sources */ = {
			isa = PBXSourcesBuildPhase;
			buildActionMask = 2147483647;
			files = (
				43C42E4620D28C8B00B0DDD8 /* ViewController.swift in Sources */,
				43C42E4420D28C8B00B0DDD8 /* AppDelegate.swift in Sources */,
				43C42E5620D3C59300B0DDD8 /* CardModel.swift in Sources */,
				43C42E5A20D3CA9500B0DDD8 /* CardCollectionViewCell.swift in Sources */,
				43C42E5820D3C6F300B0DDD8 /* Card.swift in Sources */,
				43E1DC3120DBD4CC00DA75E5 /* SoundManager.swift in Sources */,
			);
			runOnlyForDeploymentPostprocessing = 0;
		};
/* End PBXSourcesBuildPhase section */

/* Begin PBXVariantGroup section */
		43C42E4720D28C8B00B0DDD8 /* Main.storyboard */ = {
			isa = PBXVariantGroup;
			children = (
				43C42E4820D28C8B00B0DDD8 /* Base */,
			);
			name = Main.storyboard;
			sourceTree = "<group>";
		};
		43C42E4C20D28C8B00B0DDD8 /* LaunchScreen.storyboard */ = {
			isa = PBXVariantGroup;
			children = (
				43C42E4D20D28C8B00B0DDD8 /* Base */,
			);
			name = LaunchScreen.storyboard;
			sourceTree = "<group>";
		};
/* End PBXVariantGroup section */

/* Begin XCBuildConfiguration section */
		43C42E5020D28C8B00B0DDD8 /* Debug */ = {
			isa = XCBuildConfiguration;
			buildSettings = {
				ALWAYS_SEARCH_USER_PATHS = NO;
				CLANG_ANALYZER_NONNULL = YES;
				CLANG_ANALYZER_NUMBER_OBJECT_CONVERSION = YES_AGGRESSIVE;
				CLANG_CXX_LANGUAGE_STANDARD = "gnu++14";
				CLANG_CXX_LIBRARY = "libc++";
				CLANG_ENABLE_MODULES = YES;
				CLANG_ENABLE_OBJC_ARC = YES;
				CLANG_WARN_BLOCK_CAPTURE_AUTORELEASING = YES;
				CLANG_WARN_BOOL_CONVERSION = YES;
				CLANG_WARN_COMMA = YES;
				CLANG_WARN_CONSTANT_CONVERSION = YES;
				CLANG_WARN_DIRECT_OBJC_ISA_USAGE = YES_ERROR;
				CLANG_WARN_DOCUMENTATION_COMMENTS = YES;
				CLANG_WARN_EMPTY_BODY = YES;
				CLANG_WARN_ENUM_CONVERSION = YES;
				CLANG_WARN_INFINITE_RECURSION = YES;
				CLANG_WARN_INT_CONVERSION = YES;
				CLANG_WARN_NON_LITERAL_NULL_CONVERSION = YES;
				CLANG_WARN_OBJC_LITERAL_CONVERSION = YES;
				CLANG_WARN_OBJC_ROOT_CLASS = YES_ERROR;
				CLANG_WARN_RANGE_LOOP_ANALYSIS = YES;
				CLANG_WARN_STRICT_PROTOTYPES = YES;
				CLANG_WARN_SUSPICIOUS_MOVE = YES;
				CLANG_WARN_UNGUARDED_AVAILABILITY = YES_AGGRESSIVE;
				CLANG_WARN_UNREACHABLE_CODE = YES;
				CLANG_WARN__DUPLICATE_METHOD_MATCH = YES;
				CODE_SIGN_IDENTITY = "iPhone Developer";
				COPY_PHASE_STRIP = NO;
				DEBUG_INFORMATION_FORMAT = dwarf;
				ENABLE_STRICT_OBJC_MSGSEND = YES;
				ENABLE_TESTABILITY = YES;
				GCC_C_LANGUAGE_STANDARD = gnu11;
				GCC_DYNAMIC_NO_PIC = NO;
				GCC_NO_COMMON_BLOCKS = YES;
				GCC_OPTIMIZATION_LEVEL = 0;
				GCC_PREPROCESSOR_DEFINITIONS = (
					"DEBUG=1",
					"$(inherited)",
				);
				GCC_WARN_64_TO_32_BIT_CONVERSION = YES;
				GCC_WARN_ABOUT_RETURN_TYPE = YES_ERROR;
				GCC_WARN_UNDECLARED_SELECTOR = YES;
				GCC_WARN_UNINITIALIZED_AUTOS = YES_AGGRESSIVE;
				GCC_WARN_UNUSED_FUNCTION = YES;
				GCC_WARN_UNUSED_VARIABLE = YES;
				IPHONEOS_DEPLOYMENT_TARGET = 11.2;
				MTL_ENABLE_DEBUG_INFO = YES;
				ONLY_ACTIVE_ARCH = YES;
				SDKROOT = iphoneos;
				SWIFT_ACTIVE_COMPILATION_CONDITIONS = DEBUG;
				SWIFT_OPTIMIZATION_LEVEL = "-Onone";
			};
			name = Debug;
		};
		43C42E5120D28C8B00B0DDD8 /* Release */ = {
			isa = XCBuildConfiguration;
			buildSettings = {
				ALWAYS_SEARCH_USER_PATHS = NO;
				CLANG_ANALYZER_NONNULL = YES;
				CLANG_ANALYZER_NUMBER_OBJECT_CONVERSION = YES_AGGRESSIVE;
				CLANG_CXX_LANGUAGE_STANDARD = "gnu++14";
				CLANG_CXX_LIBRARY = "libc++";
				CLANG_ENABLE_MODULES = YES;
				CLANG_ENABLE_OBJC_ARC = YES;
				CLANG_WARN_BLOCK_CAPTURE_AUTORELEASING = YES;
				CLANG_WARN_BOOL_CONVERSION = YES;
				CLANG_WARN_COMMA = YES;
				CLANG_WARN_CONSTANT_CONVERSION = YES;
				CLANG_WARN_DIRECT_OBJC_ISA_USAGE = YES_ERROR;
				CLANG_WARN_DOCUMENTATION_COMMENTS = YES;
				CLANG_WARN_EMPTY_BODY = YES;
				CLANG_WARN_ENUM_CONVERSION = YES;
				CLANG_WARN_INFINITE_RECURSION = YES;
				CLANG_WARN_INT_CONVERSION = YES;
				CLANG_WARN_NON_LITERAL_NULL_CONVERSION = YES;
				CLANG_WARN_OBJC_LITERAL_CONVERSION = YES;
				CLANG_WARN_OBJC_ROOT_CLASS = YES_ERROR;
				CLANG_WARN_RANGE_LOOP_ANALYSIS = YES;
				CLANG_WARN_STRICT_PROTOTYPES = YES;
				CLANG_WARN_SUSPICIOUS_MOVE = YES;
				CLANG_WARN_UNGUARDED_AVAILABILITY = YES_AGGRESSIVE;
				CLANG_WARN_UNREACHABLE_CODE = YES;
				CLANG_WARN__DUPLICATE_METHOD_MATCH = YES;
				CODE_SIGN_IDENTITY = "iPhone Developer";
				COPY_PHASE_STRIP = NO;
				DEBUG_INFORMATION_FORMAT = "dwarf-with-dsym";
				ENABLE_NS_ASSERTIONS = NO;
				ENABLE_STRICT_OBJC_MSGSEND = YES;
				GCC_C_LANGUAGE_STANDARD = gnu11;
				GCC_NO_COMMON_BLOCKS = YES;
				GCC_WARN_64_TO_32_BIT_CONVERSION = YES;
				GCC_WARN_ABOUT_RETURN_TYPE = YES_ERROR;
				GCC_WARN_UNDECLARED_SELECTOR = YES;
				GCC_WARN_UNINITIALIZED_AUTOS = YES_AGGRESSIVE;
				GCC_WARN_UNUSED_FUNCTION = YES;
				GCC_WARN_UNUSED_VARIABLE = YES;
				IPHONEOS_DEPLOYMENT_TARGET = 11.2;
				MTL_ENABLE_DEBUG_INFO = NO;
				SDKROOT = iphoneos;
				SWIFT_OPTIMIZATION_LEVEL = "-Owholemodule";
				VALIDATE_PRODUCT = YES;
			};
			name = Release;
		};
		43C42E5320D28C8B00B0DDD8 /* Debug */ = {
			isa = XCBuildConfiguration;
			buildSettings = {
				ASSETCATALOG_COMPILER_APPICON_NAME = AppIcon;
				CODE_SIGN_STYLE = Automatic;
				INFOPLIST_FILE = Matching/Info.plist;
				LD_RUNPATH_SEARCH_PATHS = "$(inherited) @executable_path/Frameworks";
				PRODUCT_BUNDLE_IDENTIFIER = af.Matching;
				PRODUCT_NAME = "$(TARGET_NAME)";
				SWIFT_VERSION = 4.0;
				TARGETED_DEVICE_FAMILY = "1,2";
			};
			name = Debug;
		};
		43C42E5420D28C8B00B0DDD8 /* Release */ = {
			isa = XCBuildConfiguration;
			buildSettings = {
				ASSETCATALOG_COMPILER_APPICON_NAME = AppIcon;
				CODE_SIGN_STYLE = Automatic;
				INFOPLIST_FILE = Matching/Info.plist;
				LD_RUNPATH_SEARCH_PATHS = "$(inherited) @executable_path/Frameworks";
				PRODUCT_BUNDLE_IDENTIFIER = af.Matching;
				PRODUCT_NAME = "$(TARGET_NAME)";
				SWIFT_VERSION = 4.0;
				TARGETED_DEVICE_FAMILY = "1,2";
			};
			name = Release;
		};
/* End XCBuildConfiguration section */

/* Begin XCConfigurationList section */
		43C42E3B20D28C8B00B0DDD8 /* Build configuration list for PBXProject "Matching" */ = {
			isa = XCConfigurationList;
			buildConfigurations = (
				43C42E5020D28C8B00B0DDD8 /* Debug */,
				43C42E5120D28C8B00B0DDD8 /* Release */,
			);
			defaultConfigurationIsVisible = 0;
			defaultConfigurationName = Release;
		};
		43C42E5220D28C8B00B0DDD8 /* Build configuration list for PBXNativeTarget "Matching" */ = {
			isa = XCConfigurationList;
			buildConfigurations = (
				43C42E5320D28C8B00B0DDD8 /* Debug */,
				43C42E5420D28C8B00B0DDD8 /* Release */,
			);
			defaultConfigurationIsVisible = 0;
			defaultConfigurationName = Release;
		};
/* End XCConfigurationList section */
	};
	rootObject = 43C42E3820D28C8B00B0DDD8 /* Project object */;
}
